// !$*UTF8*$!
{
	archiveVersion = 1;
	classes = {
	};
	objectVersion = 50;
	objects = {

/* Begin PBXBuildFile section */
		D167EE0023D8B641001A3F3E /* AppDelegate.swift in Sources */ = {isa = PBXBuildFile; fileRef = D167EDFF23D8B641001A3F3E /* AppDelegate.swift */; };
		D167EE0223D8B641001A3F3E /* SceneDelegate.swift in Sources */ = {isa = PBXBuildFile; fileRef = D167EE0123D8B641001A3F3E /* SceneDelegate.swift */; };
		D167EE0423D8B641001A3F3E /* ViewController.swift in Sources */ = {isa = PBXBuildFile; fileRef = D167EE0323D8B641001A3F3E /* ViewController.swift */; };
		D167EE0723D8B641001A3F3E /* Main.storyboard in Resources */ = {isa = PBXBuildFile; fileRef = D167EE0523D8B641001A3F3E /* Main.storyboard */; };
		D167EE0923D8B646001A3F3E /* Assets.xcassets in Resources */ = {isa = PBXBuildFile; fileRef = D167EE0823D8B646001A3F3E /* Assets.xcassets */; };
		D167EE0C23D8B646001A3F3E /* LaunchScreen.storyboard in Resources */ = {isa = PBXBuildFile; fileRef = D167EE0A23D8B646001A3F3E /* LaunchScreen.storyboard */; };
		D167EE1723D8B646001A3F3E /* JSON_Swift_CodableTests.swift in Sources */ = {isa = PBXBuildFile; fileRef = D167EE1623D8B646001A3F3E /* JSON_Swift_CodableTests.swift */; };
		D167EE2223D8B646001A3F3E /* JSON_Swift_CodableUITests.swift in Sources */ = {isa = PBXBuildFile; fileRef = D167EE2123D8B646001A3F3E /* JSON_Swift_CodableUITests.swift */; };
/* End PBXBuildFile section */

/* Begin PBXContainerItemProxy section */
		D167EE1323D8B646001A3F3E /* PBXContainerItemProxy */ = {
			isa = PBXContainerItemProxy;
			containerPortal = D167EDF423D8B640001A3F3E /* Project object */;
			proxyType = 1;
			remoteGlobalIDString = D167EDFB23D8B640001A3F3E;
			remoteInfo = "JSON Swift Codable";
		};
		D167EE1E23D8B646001A3F3E /* PBXContainerItemProxy */ = {
			isa = PBXContainerItemProxy;
			containerPortal = D167EDF423D8B640001A3F3E /* Project object */;
			proxyType = 1;
			remoteGlobalIDString = D167EDFB23D8B640001A3F3E;
			remoteInfo = "JSON Swift Codable";
		};
/* End PBXContainerItemProxy section */

/* Begin PBXFileReference section */
		D167EDFC23D8B641001A3F3E /* JSON Swift Codable.app */ = {isa = PBXFileReference; explicitFileType = wrapper.application; includeInIndex = 0; path = "JSON Swift Codable.app"; sourceTree = BUILT_PRODUCTS_DIR; };
		D167EDFF23D8B641001A3F3E /* AppDelegate.swift */ = {isa = PBXFileReference; lastKnownFileType = sourcecode.swift; path = AppDelegate.swift; sourceTree = "<group>"; };
		D167EE0123D8B641001A3F3E /* SceneDelegate.swift */ = {isa = PBXFileReference; lastKnownFileType = sourcecode.swift; path = SceneDelegate.swift; sourceTree = "<group>"; };
		D167EE0323D8B641001A3F3E /* ViewController.swift */ = {isa = PBXFileReference; lastKnownFileType = sourcecode.swift; path = ViewController.swift; sourceTree = "<group>"; };
		D167EE0623D8B641001A3F3E /* Base */ = {isa = PBXFileReference; lastKnownFileType = file.storyboard; name = Base; path = Base.lproj/Main.storyboard; sourceTree = "<group>"; };
		D167EE0823D8B646001A3F3E /* Assets.xcassets */ = {isa = PBXFileReference; lastKnownFileType = folder.assetcatalog; path = Assets.xcassets; sourceTree = "<group>"; };
		D167EE0B23D8B646001A3F3E /* Base */ = {isa = PBXFileReference; lastKnownFileType = file.storyboard; name = Base; path = Base.lproj/LaunchScreen.storyboard; sourceTree = "<group>"; };
		D167EE0D23D8B646001A3F3E /* Info.plist */ = {isa = PBXFileReference; lastKnownFileType = text.plist.xml; path = Info.plist; sourceTree = "<group>"; };
		D167EE1223D8B646001A3F3E /* JSON Swift CodableTests.xctest */ = {isa = PBXFileReference; explicitFileType = wrapper.cfbundle; includeInIndex = 0; path = "JSON Swift CodableTests.xctest"; sourceTree = BUILT_PRODUCTS_DIR; };
		D167EE1623D8B646001A3F3E /* JSON_Swift_CodableTests.swift */ = {isa = PBXFileReference; lastKnownFileType = sourcecode.swift; path = JSON_Swift_CodableTests.swift; sourceTree = "<group>"; };
		D167EE1823D8B646001A3F3E /* Info.plist */ = {isa = PBXFileReference; lastKnownFileType = text.plist.xml; path = Info.plist; sourceTree = "<group>"; };
		D167EE1D23D8B646001A3F3E /* JSON Swift CodableUITests.xctest */ = {isa = PBXFileReference; explicitFileType = wrapper.cfbundle; includeInIndex = 0; path = "JSON Swift CodableUITests.xctest"; sourceTree = BUILT_PRODUCTS_DIR; };
		D167EE2123D8B646001A3F3E /* JSON_Swift_CodableUITests.swift */ = {isa = PBXFileReference; lastKnownFileType = sourcecode.swift; path = JSON_Swift_CodableUITests.swift; sourceTree = "<group>"; };
		D167EE2323D8B646001A3F3E /* Info.plist */ = {isa = PBXFileReference; lastKnownFileType = text.plist.xml; path = Info.plist; sourceTree = "<group>"; };
/* End PBXFileReference section */

/* Begin PBXFrameworksBuildPhase section */
		D167EDF923D8B640001A3F3E /* Frameworks */ = {
			isa = PBXFrameworksBuildPhase;
			buildActionMask = 2147483647;
			files = (
			);
			runOnlyForDeploymentPostprocessing = 0;
		};
		D167EE0F23D8B646001A3F3E /* Frameworks */ = {
			isa = PBXFrameworksBuildPhase;
			buildActionMask = 2147483647;
			files = (
			);
			runOnlyForDeploymentPostprocessing = 0;
		};
		D167EE1A23D8B646001A3F3E /* Frameworks */ = {
			isa = PBXFrameworksBuildPhase;
			buildActionMask = 2147483647;
			files = (
			);
			runOnlyForDeploymentPostprocessing = 0;
		};
/* End PBXFrameworksBuildPhase section */

/* Begin PBXGroup section */
		D167EDF323D8B640001A3F3E = {
			isa = PBXGroup;
			children = (
				D167EDFE23D8B641001A3F3E /* JSON Swift Codable */,
				D167EE1523D8B646001A3F3E /* JSON Swift CodableTests */,
				D167EE2023D8B646001A3F3E /* JSON Swift CodableUITests */,
				D167EDFD23D8B641001A3F3E /* Products */,
			);
			sourceTree = "<group>";
		};
		D167EDFD23D8B641001A3F3E /* Products */ = {
			isa = PBXGroup;
			children = (
				D167EDFC23D8B641001A3F3E /* JSON Swift Codable.app */,
				D167EE1223D8B646001A3F3E /* JSON Swift CodableTests.xctest */,
				D167EE1D23D8B646001A3F3E /* JSON Swift CodableUITests.xctest */,
			);
			name = Products;
			sourceTree = "<group>";
		};
		D167EDFE23D8B641001A3F3E /* JSON Swift Codable */ = {
			isa = PBXGroup;
			children = (
				D167EDFF23D8B641001A3F3E /* AppDelegate.swift */,
				D167EE0123D8B641001A3F3E /* SceneDelegate.swift */,
				D167EE0323D8B641001A3F3E /* ViewController.swift */,
				D167EE0523D8B641001A3F3E /* Main.storyboard */,
				D167EE0823D8B646001A3F3E /* Assets.xcassets */,
				D167EE0A23D8B646001A3F3E /* LaunchScreen.storyboard */,
				D167EE0D23D8B646001A3F3E /* Info.plist */,
			);
			path = "JSON Swift Codable";
			sourceTree = "<group>";
		};
		D167EE1523D8B646001A3F3E /* JSON Swift CodableTests */ = {
			isa = PBXGroup;
			children = (
				D167EE1623D8B646001A3F3E /* JSON_Swift_CodableTests.swift */,
				D167EE1823D8B646001A3F3E /* Info.plist */,
			);
			path = "JSON Swift CodableTests";
			sourceTree = "<group>";
		};
		D167EE2023D8B646001A3F3E /* JSON Swift CodableUITests */ = {
			isa = PBXGroup;
			children = (
				D167EE2123D8B646001A3F3E /* JSON_Swift_CodableUITests.swift */,
				D167EE2323D8B646001A3F3E /* Info.plist */,
			);
			path = "JSON Swift CodableUITests";
			sourceTree = "<group>";
		};
/* End PBXGroup section */

/* Begin PBXNativeTarget section */
		D167EDFB23D8B640001A3F3E /* JSON Swift Codable */ = {
			isa = PBXNativeTarget;
			buildConfigurationList = D167EE2623D8B646001A3F3E /* Build configuration list for PBXNativeTarget "JSON Swift Codable" */;
			buildPhases = (
				D167EDF823D8B640001A3F3E /* Sources */,
				D167EDF923D8B640001A3F3E /* Frameworks */,
				D167EDFA23D8B640001A3F3E /* Resources */,
			);
			buildRules = (
			);
			dependencies = (
			);
			name = "JSON Swift Codable";
			productName = "JSON Swift Codable";
			productReference = D167EDFC23D8B641001A3F3E /* JSON Swift Codable.app */;
			productType = "com.apple.product-type.application";
		};
		D167EE1123D8B646001A3F3E /* JSON Swift CodableTests */ = {
			isa = PBXNativeTarget;
			buildConfigurationList = D167EE2923D8B646001A3F3E /* Build configuration list for PBXNativeTarget "JSON Swift CodableTests" */;
			buildPhases = (
				D167EE0E23D8B646001A3F3E /* Sources */,
				D167EE0F23D8B646001A3F3E /* Frameworks */,
				D167EE1023D8B646001A3F3E /* Resources */,
			);
			buildRules = (
			);
			dependencies = (
				D167EE1423D8B646001A3F3E /* PBXTargetDependency */,
			);
			name = "JSON Swift CodableTests";
			productName = "JSON Swift CodableTests";
			productReference = D167EE1223D8B646001A3F3E /* JSON Swift CodableTests.xctest */;
			productType = "com.apple.product-type.bundle.unit-test";
		};
		D167EE1C23D8B646001A3F3E /* JSON Swift CodableUITests */ = {
			isa = PBXNativeTarget;
			buildConfigurationList = D167EE2C23D8B646001A3F3E /* Build configuration list for PBXNativeTarget "JSON Swift CodableUITests" */;
			buildPhases = (
				D167EE1923D8B646001A3F3E /* Sources */,
				D167EE1A23D8B646001A3F3E /* Frameworks */,
				D167EE1B23D8B646001A3F3E /* Resources */,
			);
			buildRules = (
			);
			dependencies = (
				D167EE1F23D8B646001A3F3E /* PBXTargetDependency */,
			);
			name = "JSON Swift CodableUITests";
			productName = "JSON Swift CodableUITests";
			productReference = D167EE1D23D8B646001A3F3E /* JSON Swift CodableUITests.xctest */;
			productType = "com.apple.product-type.bundle.ui-testing";
		};
/* End PBXNativeTarget section */

/* Begin PBXProject section */
		D167EDF423D8B640001A3F3E /* Project object */ = {
			isa = PBXProject;
			attributes = {
				LastSwiftUpdateCheck = 1130;
				LastUpgradeCheck = 1130;
				ORGANIZATIONNAME = shiga;
				TargetAttributes = {
					D167EDFB23D8B640001A3F3E = {
						CreatedOnToolsVersion = 11.3;
					};
					D167EE1123D8B646001A3F3E = {
						CreatedOnToolsVersion = 11.3;
						TestTargetID = D167EDFB23D8B640001A3F3E;
					};
					D167EE1C23D8B646001A3F3E = {
						CreatedOnToolsVersion = 11.3;
						TestTargetID = D167EDFB23D8B640001A3F3E;
					};
				};
			};
			buildConfigurationList = D167EDF723D8B640001A3F3E /* Build configuration list for PBXProject "JSON Swift Codable" */;
			compatibilityVersion = "Xcode 9.3";
			developmentRegion = en;
			hasScannedForEncodings = 0;
			knownRegions = (
				en,
				Base,
			);
			mainGroup = D167EDF323D8B640001A3F3E;
			productRefGroup = D167EDFD23D8B641001A3F3E /* Products */;
			projectDirPath = "";
			projectRoot = "";
			targets = (
				D167EDFB23D8B640001A3F3E /* JSON Swift Codable */,
				D167EE1123D8B646001A3F3E /* JSON Swift CodableTests */,
				D167EE1C23D8B646001A3F3E /* JSON Swift CodableUITests */,
			);
		};
/* End PBXProject section */

/* Begin PBXResourcesBuildPhase section */
		D167EDFA23D8B640001A3F3E /* Resources */ = {
			isa = PBXResourcesBuildPhase;
			buildActionMask = 2147483647;
			files = (
				D167EE0C23D8B646001A3F3E /* LaunchScreen.storyboard in Resources */,
				D167EE0923D8B646001A3F3E /* Assets.xcassets in Resources */,
				D167EE0723D8B641001A3F3E /* Main.storyboard in Resources */,
			);
			runOnlyForDeploymentPostprocessing = 0;
		};
		D167EE1023D8B646001A3F3E /* Resources */ = {
			isa = PBXResourcesBuildPhase;
			buildActionMask = 2147483647;
			files = (
			);
			runOnlyForDeploymentPostprocessing = 0;
		};
		D167EE1B23D8B646001A3F3E /* Resources */ = {
			isa = PBXResourcesBuildPhase;
			buildActionMask = 2147483647;
			files = (
			);
			runOnlyForDeploymentPostprocessing = 0;
		};
/* End PBXResourcesBuildPhase section */

/* Begin PBXSourcesBuildPhase section */
		D167EDF823D8B640001A3F3E /* Sources */ = {
			isa = PBXSourcesBuildPhase;
			buildActionMask = 2147483647;
			files = (
				D167EE0423D8B641001A3F3E /* ViewController.swift in Sources */,
				D167EE0023D8B641001A3F3E /* AppDelegate.swift in Sources */,
				D167EE0223D8B641001A3F3E /* SceneDelegate.swift in Sources */,
			);
			runOnlyForDeploymentPostprocessing = 0;
		};
		D167EE0E23D8B646001A3F3E /* Sources */ = {
			isa = PBXSourcesBuildPhase;
			buildActionMask = 2147483647;
			files = (
				D167EE1723D8B646001A3F3E /* JSON_Swift_CodableTests.swift in Sources */,
			);
			runOnlyForDeploymentPostprocessing = 0;
		};
		D167EE1923D8B646001A3F3E /* Sources */ = {
			isa = PBXSourcesBuildPhase;
			buildActionMask = 2147483647;
			files = (
				D167EE2223D8B646001A3F3E /* JSON_Swift_CodableUITests.swift in Sources */,
			);
			runOnlyForDeploymentPostprocessing = 0;
		};
/* End PBXSourcesBuildPhase section */

/* Begin PBXTargetDependency section */
		D167EE1423D8B646001A3F3E /* PBXTargetDependency */ = {
			isa = PBXTargetDependency;
			target = D167EDFB23D8B640001A3F3E /* JSON Swift Codable */;
			targetProxy = D167EE1323D8B646001A3F3E /* PBXContainerItemProxy */;
		};
		D167EE1F23D8B646001A3F3E /* PBXTargetDependency */ = {
			isa = PBXTargetDependency;
			target = D167EDFB23D8B640001A3F3E /* JSON Swift Codable */;
			targetProxy = D167EE1E23D8B646001A3F3E /* PBXContainerItemProxy */;
		};
/* End PBXTargetDependency section */

/* Begin PBXVariantGroup section */
		D167EE0523D8B641001A3F3E /* Main.storyboard */ = {
			isa = PBXVariantGroup;
			children = (
				D167EE0623D8B641001A3F3E /* Base */,
			);
			name = Main.storyboard;
			sourceTree = "<group>";
		};
		D167EE0A23D8B646001A3F3E /* LaunchScreen.storyboard */ = {
			isa = PBXVariantGroup;
			children = (
				D167EE0B23D8B646001A3F3E /* Base */,
			);
			name = LaunchScreen.storyboard;
			sourceTree = "<group>";
		};
/* End PBXVariantGroup section */

/* Begin XCBuildConfiguration section */
		D167EE2423D8B646001A3F3E /* Debug */ = {
			isa = XCBuildConfiguration;
			buildSettings = {
				ALWAYS_SEARCH_USER_PATHS = NO;
				CLANG_ANALYZER_NONNULL = YES;
				CLANG_ANALYZER_NUMBER_OBJECT_CONVERSION = YES_AGGRESSIVE;
				CLANG_CXX_LANGUAGE_STANDARD = "gnu++14";
				CLANG_CXX_LIBRARY = "libc++";
				CLANG_ENABLE_MODULES = YES;
				CLANG_ENABLE_OBJC_ARC = YES;
				CLANG_ENABLE_OBJC_WEAK = YES;
				CLANG_WARN_BLOCK_CAPTURE_AUTORELEASING = YES;
				CLANG_WARN_BOOL_CONVERSION = YES;
				CLANG_WARN_COMMA = YES;
				CLANG_WARN_CONSTANT_CONVERSION = YES;
				CLANG_WARN_DEPRECATED_OBJC_IMPLEMENTATIONS = YES;
				CLANG_WARN_DIRECT_OBJC_ISA_USAGE = YES_ERROR;
				CLANG_WARN_DOCUMENTATION_COMMENTS = YES;
				CLANG_WARN_EMPTY_BODY = YES;
				CLANG_WARN_ENUM_CONVERSION = YES;
				CLANG_WARN_INFINITE_RECURSION = YES;
				CLANG_WARN_INT_CONVERSION = YES;
				CLANG_WARN_NON_LITERAL_NULL_CONVERSION = YES;
				CLANG_WARN_OBJC_IMPLICIT_RETAIN_SELF = YES;
				CLANG_WARN_OBJC_LITERAL_CONVERSION = YES;
				CLANG_WARN_OBJC_ROOT_CLASS = YES_ERROR;
				CLANG_WARN_RANGE_LOOP_ANALYSIS = YES;
				CLANG_WARN_STRICT_PROTOTYPES = YES;
				CLANG_WARN_SUSPICIOUS_MOVE = YES;
				CLANG_WARN_UNGUARDED_AVAILABILITY = YES_AGGRESSIVE;
				CLANG_WARN_UNREACHABLE_CODE = YES;
				CLANG_WARN__DUPLICATE_METHOD_MATCH = YES;
				COPY_PHASE_STRIP = NO;
				DEBUG_INFORMATION_FORMAT = dwarf;
				ENABLE_STRICT_OBJC_MSGSEND = YES;
				ENABLE_TESTABILITY = YES;
				GCC_C_LANGUAGE_STANDARD = gnu11;
				GCC_DYNAMIC_NO_PIC = NO;
				GCC_NO_COMMON_BLOCKS = YES;
				GCC_OPTIMIZATION_LEVEL = 0;
				GCC_PREPROCESSOR_DEFINITIONS = (
					"DEBUG=1",
					"$(inherited)",
				);
				GCC_WARN_64_TO_32_BIT_CONVERSION = YES;
				GCC_WARN_ABOUT_RETURN_TYPE = YES_ERROR;
				GCC_WARN_UNDECLARED_SELECTOR = YES;
				GCC_WARN_UNINITIALIZED_AUTOS = YES_AGGRESSIVE;
				GCC_WARN_UNUSED_FUNCTION = YES;
				GCC_WARN_UNUSED_VARIABLE = YES;
				IPHONEOS_DEPLOYMENT_TARGET = 13.2;
				MTL_ENABLE_DEBUG_INFO = INCLUDE_SOURCE;
				MTL_FAST_MATH = YES;
				ONLY_ACTIVE_ARCH = YES;
				SDKROOT = iphoneos;
				SWIFT_ACTIVE_COMPILATION_CONDITIONS = DEBUG;
				SWIFT_OPTIMIZATION_LEVEL = "-Onone";
			};
			name = Debug;
		};
		D167EE2523D8B646001A3F3E /* Release */ = {
			isa = XCBuildConfiguration;
			buildSettings = {
				ALWAYS_SEARCH_USER_PATHS = NO;
				CLANG_ANALYZER_NONNULL = YES;
				CLANG_ANALYZER_NUMBER_OBJECT_CONVERSION = YES_AGGRESSIVE;
				CLANG_CXX_LANGUAGE_STANDARD = "gnu++14";
				CLANG_CXX_LIBRARY = "libc++";
				CLANG_ENABLE_MODULES = YES;
				CLANG_ENABLE_OBJC_ARC = YES;
				CLANG_ENABLE_OBJC_WEAK = YES;
				CLANG_WARN_BLOCK_CAPTURE_AUTORELEASING = YES;
				CLANG_WARN_BOOL_CONVERSION = YES;
				CLANG_WARN_COMMA = YES;
				CLANG_WARN_CONSTANT_CONVERSION = YES;
				CLANG_WARN_DEPRECATED_OBJC_IMPLEMENTATIONS = YES;
				CLANG_WARN_DIRECT_OBJC_ISA_USAGE = YES_ERROR;
				CLANG_WARN_DOCUMENTATION_COMMENTS = YES;
				CLANG_WARN_EMPTY_BODY = YES;
				CLANG_WARN_ENUM_CONVERSION = YES;
				CLANG_WARN_INFINITE_RECURSION = YES;
				CLANG_WARN_INT_CONVERSION = YES;
				CLANG_WARN_NON_LITERAL_NULL_CONVERSION = YES;
				CLANG_WARN_OBJC_IMPLICIT_RETAIN_SELF = YES;
				CLANG_WARN_OBJC_LITERAL_CONVERSION = YES;
				CLANG_WARN_OBJC_ROOT_CLASS = YES_ERROR;
				CLANG_WARN_RANGE_LOOP_ANALYSIS = YES;
				CLANG_WARN_STRICT_PROTOTYPES = YES;
				CLANG_WARN_SUSPICIOUS_MOVE = YES;
				CLANG_WARN_UNGUARDED_AVAILABILITY = YES_AGGRESSIVE;
				CLANG_WARN_UNREACHABLE_CODE = YES;
				CLANG_WARN__DUPLICATE_METHOD_MATCH = YES;
				COPY_PHASE_STRIP = NO;
				DEBUG_INFORMATION_FORMAT = "dwarf-with-dsym";
				ENABLE_NS_ASSERTIONS = NO;
				ENABLE_STRICT_OBJC_MSGSEND = YES;
				GCC_C_LANGUAGE_STANDARD = gnu11;
				GCC_NO_COMMON_BLOCKS = YES;
				GCC_WARN_64_TO_32_BIT_CONVERSION = YES;
				GCC_WARN_ABOUT_RETURN_TYPE = YES_ERROR;
				GCC_WARN_UNDECLARED_SELECTOR = YES;
				GCC_WARN_UNINITIALIZED_AUTOS = YES_AGGRESSIVE;
				GCC_WARN_UNUSED_FUNCTION = YES;
				GCC_WARN_UNUSED_VARIABLE = YES;
				IPHONEOS_DEPLOYMENT_TARGET = 13.2;
				MTL_ENABLE_DEBUG_INFO = NO;
				MTL_FAST_MATH = YES;
				SDKROOT = iphoneos;
				SWIFT_COMPILATION_MODE = wholemodule;
				SWIFT_OPTIMIZATION_LEVEL = "-O";
				VALIDATE_PRODUCT = YES;
			};
			name = Release;
		};
		D167EE2723D8B646001A3F3E /* Debug */ = {
			isa = XCBuildConfiguration;
			buildSettings = {
				ASSETCATALOG_COMPILER_APPICON_NAME = AppIcon;
				CODE_SIGN_STYLE = Automatic;
				DEVELOPMENT_TEAM = J3W7ZZT238;
				INFOPLIST_FILE = "JSON Swift Codable/Info.plist";
				LD_RUNPATH_SEARCH_PATHS = (
					"$(inherited)",
					"@executable_path/Frameworks",
				);
				PRODUCT_BUNDLE_IDENTIFIER = "com.Shigas.JSON-Swift-Codable";
				PRODUCT_NAME = "$(TARGET_NAME)";
				SWIFT_VERSION = 5.0;
				TARGETED_DEVICE_FAMILY = "1,2";
			};
			name = Debug;
		};
		D167EE2823D8B646001A3F3E /* Release */ = {
			isa = XCBuildConfiguration;
			buildSettings = {
				ASSETCATALOG_COMPILER_APPICON_NAME = AppIcon;
				CODE_SIGN_STYLE = Automatic;
				DEVELOPMENT_TEAM = J3W7ZZT238;
				INFOPLIST_FILE = "JSON Swift Codable/Info.plist";
				LD_RUNPATH_SEARCH_PATHS = (
					"$(inherited)",
					"@executable_path/Frameworks",
				);
				PRODUCT_BUNDLE_IDENTIFIER = "com.Shigas.JSON-Swift-Codable";
				PRODUCT_NAME = "$(TARGET_NAME)";
				SWIFT_VERSION = 5.0;
				TARGETED_DEVICE_FAMILY = "1,2";
			};
			name = Release;
		};
		D167EE2A23D8B646001A3F3E /* Debug */ = {
			isa = XCBuildConfiguration;
			buildSettings = {
				ALWAYS_EMBED_SWIFT_STANDARD_LIBRARIES = YES;
				BUNDLE_LOADER = "$(TEST_HOST)";
				CODE_SIGN_STYLE = Automatic;
				DEVELOPMENT_TEAM = J3W7ZZT238;
				INFOPLIST_FILE = "JSON Swift CodableTests/Info.plist";
				IPHONEOS_DEPLOYMENT_TARGET = 13.2;
				LD_RUNPATH_SEARCH_PATHS = (
					"$(inherited)",
					"@executable_path/Frameworks",
					"@loader_path/Frameworks",
				);
				PRODUCT_BUNDLE_IDENTIFIER = "com.Shigas.JSON-Swift-CodableTests";
				PRODUCT_NAME = "$(TARGET_NAME)";
				SWIFT_VERSION = 5.0;
				TARGETED_DEVICE_FAMILY = "1,2";
				TEST_HOST = "$(BUILT_PRODUCTS_DIR)/JSON Swift Codable.app/JSON Swift Codable";
			};
			name = Debug;
		};
		D167EE2B23D8B646001A3F3E /* Release */ = {
			isa = XCBuildConfiguration;
			buildSettings = {
				ALWAYS_EMBED_SWIFT_STANDARD_LIBRARIES = YES;
				BUNDLE_LOADER = "$(TEST_HOST)";
				CODE_SIGN_STYLE = Automatic;
				DEVELOPMENT_TEAM = J3W7ZZT238;
				INFOPLIST_FILE = "JSON Swift CodableTests/Info.plist";
				IPHONEOS_DEPLOYMENT_TARGET = 13.2;
				LD_RUNPATH_SEARCH_PATHS = (
					"$(inherited)",
					"@executable_path/Frameworks",
					"@loader_path/Frameworks",
				);
				PRODUCT_BUNDLE_IDENTIFIER = "com.Shigas.JSON-Swift-CodableTests";
				PRODUCT_NAME = "$(TARGET_NAME)";
				SWIFT_VERSION = 5.0;
				TARGETED_DEVICE_FAMILY = "1,2";
				TEST_HOST = "$(BUILT_PRODUCTS_DIR)/JSON Swift Codable.app/JSON Swift Codable";
			};
			name = Release;
		};
		D167EE2D23D8B646001A3F3E /* Debug */ = {
			isa = XCBuildConfiguration;
			buildSettings = {
				ALWAYS_EMBED_SWIFT_STANDARD_LIBRARIES = YES;
				CODE_SIGN_STYLE = Automatic;
				DEVELOPMENT_TEAM = J3W7ZZT238;
				INFOPLIST_FILE = "JSON Swift CodableUITests/Info.plist";
				LD_RUNPATH_SEARCH_PATHS = (
					"$(inherited)",
					"@executable_path/Frameworks",
					"@loader_path/Frameworks",
				);
				PRODUCT_BUNDLE_IDENTIFIER = "com.Shigas.JSON-Swift-CodableUITests";
				PRODUCT_NAME = "$(TARGET_NAME)";
				SWIFT_VERSION = 5.0;
				TARGETED_DEVICE_FAMILY = "1,2";
				TEST_TARGET_NAME = "JSON Swift Codable";
			};
			name = Debug;
		};
		D167EE2E23D8B646001A3F3E /* Release */ = {
			isa = XCBuildConfiguration;
			buildSettings = {
				ALWAYS_EMBED_SWIFT_STANDARD_LIBRARIES = YES;
				CODE_SIGN_STYLE = Automatic;
				DEVELOPMENT_TEAM = J3W7ZZT238;
				INFOPLIST_FILE = "JSON Swift CodableUITests/Info.plist";
				LD_RUNPATH_SEARCH_PATHS = (
					"$(inherited)",
					"@executable_path/Frameworks",
					"@loader_path/Frameworks",
				);
				PRODUCT_BUNDLE_IDENTIFIER = "com.Shigas.JSON-Swift-CodableUITests";
				PRODUCT_NAME = "$(TARGET_NAME)";
				SWIFT_VERSION = 5.0;
				TARGETED_DEVICE_FAMILY = "1,2";
				TEST_TARGET_NAME = "JSON Swift Codable";
			};
			name = Release;
		};
/* End XCBuildConfiguration section */

/* Begin XCConfigurationList section */
		D167EDF723D8B640001A3F3E /* Build configuration list for PBXProject "JSON Swift Codable" */ = {
			isa = XCConfigurationList;
			buildConfigurations = (
				D167EE2423D8B646001A3F3E /* Debug */,
				D167EE2523D8B646001A3F3E /* Release */,
			);
			defaultConfigurationIsVisible = 0;
			defaultConfigurationName = Release;
		};
		D167EE2623D8B646001A3F3E /* Build configuration list for PBXNativeTarget "JSON Swift Codable" */ = {
			isa = XCConfigurationList;
			buildConfigurations = (
				D167EE2723D8B646001A3F3E /* Debug */,
				D167EE2823D8B646001A3F3E /* Release */,
			);
			defaultConfigurationIsVisible = 0;
			defaultConfigurationName = Release;
		};
		D167EE2923D8B646001A3F3E /* Build configuration list for PBXNativeTarget "JSON Swift CodableTests" */ = {
			isa = XCConfigurationList;
			buildConfigurations = (
				D167EE2A23D8B646001A3F3E /* Debug */,
				D167EE2B23D8B646001A3F3E /* Release */,
			);
			defaultConfigurationIsVisible = 0;
			defaultConfigurationName = Release;
		};
		D167EE2C23D8B646001A3F3E /* Build configuration list for PBXNativeTarget "JSON Swift CodableUITests" */ = {
			isa = XCConfigurationList;
			buildConfigurations = (
				D167EE2D23D8B646001A3F3E /* Debug */,
				D167EE2E23D8B646001A3F3E /* Release */,
			);
			defaultConfigurationIsVisible = 0;
			defaultConfigurationName = Release;
		};
/* End XCConfigurationList section */
	};
	rootObject = D167EDF423D8B640001A3F3E /* Project object */;
}
